// !$*UTF8*$!
{
	archiveVersion = 1;
	classes = {
	};
	objectVersion = 56;
	objects = {

/* Begin PBXBuildFile section */
		3957F2442965BB0A00AF764D /* ProfileTableViewHeader.swift in Sources */ = {isa = PBXBuildFile; fileRef = 3957F2432965BB0A00AF764D /* ProfileTableViewHeader.swift */; };
		39D599AD29659DA500D7BD16 /* ProfileViewController.swift in Sources */ = {isa = PBXBuildFile; fileRef = 39D599AC29659DA500D7BD16 /* ProfileViewController.swift */; };
		39E5E8D22959F59B007ED95F /* AppDelegate.swift in Sources */ = {isa = PBXBuildFile; fileRef = 39E5E8D12959F59B007ED95F /* AppDelegate.swift */; };
		39E5E8D42959F59B007ED95F /* SceneDelegate.swift in Sources */ = {isa = PBXBuildFile; fileRef = 39E5E8D32959F59B007ED95F /* SceneDelegate.swift */; };
		39E5E8D62959F59B007ED95F /* MainTabBarViewController.swift in Sources */ = {isa = PBXBuildFile; fileRef = 39E5E8D52959F59B007ED95F /* MainTabBarViewController.swift */; };
		39E5E8DB2959F59B007ED95F /* Assets.xcassets in Resources */ = {isa = PBXBuildFile; fileRef = 39E5E8DA2959F59B007ED95F /* Assets.xcassets */; };
		39E5E8DE2959F59C007ED95F /* LaunchScreen.storyboard in Resources */ = {isa = PBXBuildFile; fileRef = 39E5E8DC2959F59C007ED95F /* LaunchScreen.storyboard */; };
		39E5E8E82959F857007ED95F /* HomeViewController.swift in Sources */ = {isa = PBXBuildFile; fileRef = 39E5E8E72959F856007ED95F /* HomeViewController.swift */; };
		39E5E8EA2959F869007ED95F /* NotificationsViewController.swift in Sources */ = {isa = PBXBuildFile; fileRef = 39E5E8E92959F868007ED95F /* NotificationsViewController.swift */; };
		39E5E8EC2959F886007ED95F /* DirectMessagesViewController.swift in Sources */ = {isa = PBXBuildFile; fileRef = 39E5E8EB2959F886007ED95F /* DirectMessagesViewController.swift */; };
		39E5E8EE2959F8B9007ED95F /* SearchViewController.swift in Sources */ = {isa = PBXBuildFile; fileRef = 39E5E8ED2959F8B9007ED95F /* SearchViewController.swift */; };
		39E5E8F12959FCE9007ED95F /* TweetTableViewCell.swift in Sources */ = {isa = PBXBuildFile; fileRef = 39E5E8F02959FCE9007ED95F /* TweetTableViewCell.swift */; };
/* End PBXBuildFile section */

/* Begin PBXFileReference section */
		3957F2432965BB0A00AF764D /* ProfileTableViewHeader.swift */ = {isa = PBXFileReference; lastKnownFileType = sourcecode.swift; path = ProfileTableViewHeader.swift; sourceTree = "<group>"; };
		39D599AC29659DA500D7BD16 /* ProfileViewController.swift */ = {isa = PBXFileReference; lastKnownFileType = sourcecode.swift; path = ProfileViewController.swift; sourceTree = "<group>"; };
		39E5E8CE2959F59B007ED95F /* TwitterClone.app */ = {isa = PBXFileReference; explicitFileType = wrapper.application; includeInIndex = 0; path = TwitterClone.app; sourceTree = BUILT_PRODUCTS_DIR; };
		39E5E8D12959F59B007ED95F /* AppDelegate.swift */ = {isa = PBXFileReference; lastKnownFileType = sourcecode.swift; path = AppDelegate.swift; sourceTree = "<group>"; };
		39E5E8D32959F59B007ED95F /* SceneDelegate.swift */ = {isa = PBXFileReference; lastKnownFileType = sourcecode.swift; path = SceneDelegate.swift; sourceTree = "<group>"; };
		39E5E8D52959F59B007ED95F /* MainTabBarViewController.swift */ = {isa = PBXFileReference; lastKnownFileType = sourcecode.swift; path = MainTabBarViewController.swift; sourceTree = "<group>"; };
		39E5E8DA2959F59B007ED95F /* Assets.xcassets */ = {isa = PBXFileReference; lastKnownFileType = folder.assetcatalog; path = Assets.xcassets; sourceTree = "<group>"; };
		39E5E8DD2959F59C007ED95F /* Base */ = {isa = PBXFileReference; lastKnownFileType = file.storyboard; name = Base; path = Base.lproj/LaunchScreen.storyboard; sourceTree = "<group>"; };
		39E5E8DF2959F59C007ED95F /* Info.plist */ = {isa = PBXFileReference; lastKnownFileType = text.plist.xml; path = Info.plist; sourceTree = "<group>"; };
		39E5E8E72959F856007ED95F /* HomeViewController.swift */ = {isa = PBXFileReference; lastKnownFileType = sourcecode.swift; path = HomeViewController.swift; sourceTree = "<group>"; };
		39E5E8E92959F868007ED95F /* NotificationsViewController.swift */ = {isa = PBXFileReference; lastKnownFileType = sourcecode.swift; path = NotificationsViewController.swift; sourceTree = "<group>"; };
		39E5E8EB2959F886007ED95F /* DirectMessagesViewController.swift */ = {isa = PBXFileReference; lastKnownFileType = sourcecode.swift; path = DirectMessagesViewController.swift; sourceTree = "<group>"; };
		39E5E8ED2959F8B9007ED95F /* SearchViewController.swift */ = {isa = PBXFileReference; lastKnownFileType = sourcecode.swift; path = SearchViewController.swift; sourceTree = "<group>"; };
		39E5E8F02959FCE9007ED95F /* TweetTableViewCell.swift */ = {isa = PBXFileReference; lastKnownFileType = sourcecode.swift; path = TweetTableViewCell.swift; sourceTree = "<group>"; };
/* End PBXFileReference section */

/* Begin PBXFrameworksBuildPhase section */
		39E5E8CB2959F59B007ED95F /* Frameworks */ = {
			isa = PBXFrameworksBuildPhase;
			buildActionMask = 2147483647;
			files = (
			);
			runOnlyForDeploymentPostprocessing = 0;
		};
/* End PBXFrameworksBuildPhase section */

/* Begin PBXGroup section */
		39D599AB29659D8400D7BD16 /* General */ = {
			isa = PBXGroup;
			children = (
				39D599AC29659DA500D7BD16 /* ProfileViewController.swift */,
			);
			path = General;
			sourceTree = "<group>";
		};
		39E5E8C52959F59B007ED95F = {
			isa = PBXGroup;
			children = (
				39E5E8D02959F59B007ED95F /* TwitterClone */,
				39E5E8CF2959F59B007ED95F /* Products */,
			);
			sourceTree = "<group>";
		};
		39E5E8CF2959F59B007ED95F /* Products */ = {
			isa = PBXGroup;
			children = (
				39E5E8CE2959F59B007ED95F /* TwitterClone.app */,
			);
			name = Products;
			sourceTree = "<group>";
		};
		39E5E8D02959F59B007ED95F /* TwitterClone */ = {
			isa = PBXGroup;
			children = (
				39E5E8EF2959FCCA007ED95F /* Views */,
				39E5E8E52959F814007ED95F /* Controllers */,
				39E5E8D12959F59B007ED95F /* AppDelegate.swift */,
				39E5E8D32959F59B007ED95F /* SceneDelegate.swift */,
				39E5E8DA2959F59B007ED95F /* Assets.xcassets */,
				39E5E8DC2959F59C007ED95F /* LaunchScreen.storyboard */,
				39E5E8DF2959F59C007ED95F /* Info.plist */,
			);
			path = TwitterClone;
			sourceTree = "<group>";
		};
		39E5E8E52959F814007ED95F /* Controllers */ = {
			isa = PBXGroup;
			children = (
				39D599AB29659D8400D7BD16 /* General */,
				39E5E8E62959F82B007ED95F /* Core */,
			);
			path = Controllers;
			sourceTree = "<group>";
		};
		39E5E8E62959F82B007ED95F /* Core */ = {
			isa = PBXGroup;
			children = (
				39E5E8D52959F59B007ED95F /* MainTabBarViewController.swift */,
				39E5E8E72959F856007ED95F /* HomeViewController.swift */,
				39E5E8ED2959F8B9007ED95F /* SearchViewController.swift */,
				39E5E8E92959F868007ED95F /* NotificationsViewController.swift */,
				39E5E8EB2959F886007ED95F /* DirectMessagesViewController.swift */,
			);
			path = Core;
			sourceTree = "<group>";
		};
		39E5E8EF2959FCCA007ED95F /* Views */ = {
			isa = PBXGroup;
			children = (
				39E5E8F02959FCE9007ED95F /* TweetTableViewCell.swift */,
				3957F2432965BB0A00AF764D /* ProfileTableViewHeader.swift */,
			);
			path = Views;
			sourceTree = "<group>";
		};
/* End PBXGroup section */

/* Begin PBXNativeTarget section */
		39E5E8CD2959F59B007ED95F /* TwitterClone */ = {
			isa = PBXNativeTarget;
			buildConfigurationList = 39E5E8E22959F59C007ED95F /* Build configuration list for PBXNativeTarget "TwitterClone" */;
			buildPhases = (
				39E5E8CA2959F59B007ED95F /* Sources */,
				39E5E8CB2959F59B007ED95F /* Frameworks */,
				39E5E8CC2959F59B007ED95F /* Resources */,
			);
			buildRules = (
			);
			dependencies = (
			);
			name = TwitterClone;
			productName = TwitterClone;
			productReference = 39E5E8CE2959F59B007ED95F /* TwitterClone.app */;
			productType = "com.apple.product-type.application";
		};
/* End PBXNativeTarget section */

/* Begin PBXProject section */
		39E5E8C62959F59B007ED95F /* Project object */ = {
			isa = PBXProject;
			attributes = {
				BuildIndependentTargetsInParallel = 1;
				LastSwiftUpdateCheck = 1420;
				LastUpgradeCheck = 1420;
				TargetAttributes = {
					39E5E8CD2959F59B007ED95F = {
						CreatedOnToolsVersion = 14.2;
					};
				};
			};
			buildConfigurationList = 39E5E8C92959F59B007ED95F /* Build configuration list for PBXProject "TwitterClone" */;
			compatibilityVersion = "Xcode 14.0";
			developmentRegion = en;
			hasScannedForEncodings = 0;
			knownRegions = (
				en,
				Base,
			);
			mainGroup = 39E5E8C52959F59B007ED95F;
			productRefGroup = 39E5E8CF2959F59B007ED95F /* Products */;
			projectDirPath = "";
			projectRoot = "";
			targets = (
				39E5E8CD2959F59B007ED95F /* TwitterClone */,
			);
		};
/* End PBXProject section */

/* Begin PBXResourcesBuildPhase section */
		39E5E8CC2959F59B007ED95F /* Resources */ = {
			isa = PBXResourcesBuildPhase;
			buildActionMask = 2147483647;
			files = (
				39E5E8DE2959F59C007ED95F /* LaunchScreen.storyboard in Resources */,
				39E5E8DB2959F59B007ED95F /* Assets.xcassets in Resources */,
			);
			runOnlyForDeploymentPostprocessing = 0;
		};
/* End PBXResourcesBuildPhase section */

/* Begin PBXSourcesBuildPhase section */
		39E5E8CA2959F59B007ED95F /* Sources */ = {
			isa = PBXSourcesBuildPhase;
			buildActionMask = 2147483647;
			files = (
				39E5E8EA2959F869007ED95F /* NotificationsViewController.swift in Sources */,
				39E5E8EE2959F8B9007ED95F /* SearchViewController.swift in Sources */,
				39E5E8D62959F59B007ED95F /* MainTabBarViewController.swift in Sources */,
				39E5E8D22959F59B007ED95F /* AppDelegate.swift in Sources */,
				39E5E8D42959F59B007ED95F /* SceneDelegate.swift in Sources */,
				39E5E8E82959F857007ED95F /* HomeViewController.swift in Sources */,
				39D599AD29659DA500D7BD16 /* ProfileViewController.swift in Sources */,
				39E5E8EC2959F886007ED95F /* DirectMessagesViewController.swift in Sources */,
				3957F2442965BB0A00AF764D /* ProfileTableViewHeader.swift in Sources */,
				39E5E8F12959FCE9007ED95F /* TweetTableViewCell.swift in Sources */,
			);
			runOnlyForDeploymentPostprocessing = 0;
		};
/* End PBXSourcesBuildPhase section */

/* Begin PBXVariantGroup section */
		39E5E8DC2959F59C007ED95F /* LaunchScreen.storyboard */ = {
			isa = PBXVariantGroup;
			children = (
				39E5E8DD2959F59C007ED95F /* Base */,
			);
			name = LaunchScreen.storyboard;
			sourceTree = "<group>";
		};
/* End PBXVariantGroup section */

/* Begin XCBuildConfiguration section */
		39E5E8E02959F59C007ED95F /* Debug */ = {
			isa = XCBuildConfiguration;
			buildSettings = {
				ALWAYS_SEARCH_USER_PATHS = NO;
				CLANG_ANALYZER_NONNULL = YES;
				CLANG_ANALYZER_NUMBER_OBJECT_CONVERSION = YES_AGGRESSIVE;
				CLANG_CXX_LANGUAGE_STANDARD = "gnu++20";
				CLANG_ENABLE_MODULES = YES;
				CLANG_ENABLE_OBJC_ARC = YES;
				CLANG_ENABLE_OBJC_WEAK = YES;
				CLANG_WARN_BLOCK_CAPTURE_AUTORELEASING = YES;
				CLANG_WARN_BOOL_CONVERSION = YES;
				CLANG_WARN_COMMA = YES;
				CLANG_WARN_CONSTANT_CONVERSION = YES;
				CLANG_WARN_DEPRECATED_OBJC_IMPLEMENTATIONS = YES;
				CLANG_WARN_DIRECT_OBJC_ISA_USAGE = YES_ERROR;
				CLANG_WARN_DOCUMENTATION_COMMENTS = YES;
				CLANG_WARN_EMPTY_BODY = YES;
				CLANG_WARN_ENUM_CONVERSION = YES;
				CLANG_WARN_INFINITE_RECURSION = YES;
				CLANG_WARN_INT_CONVERSION = YES;
				CLANG_WARN_NON_LITERAL_NULL_CONVERSION = YES;
				CLANG_WARN_OBJC_IMPLICIT_RETAIN_SELF = YES;
				CLANG_WARN_OBJC_LITERAL_CONVERSION = YES;
				CLANG_WARN_OBJC_ROOT_CLASS = YES_ERROR;
				CLANG_WARN_QUOTED_INCLUDE_IN_FRAMEWORK_HEADER = YES;
				CLANG_WARN_RANGE_LOOP_ANALYSIS = YES;
				CLANG_WARN_STRICT_PROTOTYPES = YES;
				CLANG_WARN_SUSPICIOUS_MOVE = YES;
				CLANG_WARN_UNGUARDED_AVAILABILITY = YES_AGGRESSIVE;
				CLANG_WARN_UNREACHABLE_CODE = YES;
				CLANG_WARN__DUPLICATE_METHOD_MATCH = YES;
				COPY_PHASE_STRIP = NO;
				DEBUG_INFORMATION_FORMAT = dwarf;
				ENABLE_STRICT_OBJC_MSGSEND = YES;
				ENABLE_TESTABILITY = YES;
				GCC_C_LANGUAGE_STANDARD = gnu11;
				GCC_DYNAMIC_NO_PIC = NO;
				GCC_NO_COMMON_BLOCKS = YES;
				GCC_OPTIMIZATION_LEVEL = 0;
				GCC_PREPROCESSOR_DEFINITIONS = (
					"DEBUG=1",
					"$(inherited)",
				);
				GCC_WARN_64_TO_32_BIT_CONVERSION = YES;
				GCC_WARN_ABOUT_RETURN_TYPE = YES_ERROR;
				GCC_WARN_UNDECLARED_SELECTOR = YES;
				GCC_WARN_UNINITIALIZED_AUTOS = YES_AGGRESSIVE;
				GCC_WARN_UNUSED_FUNCTION = YES;
				GCC_WARN_UNUSED_VARIABLE = YES;
				IPHONEOS_DEPLOYMENT_TARGET = 16.2;
				MTL_ENABLE_DEBUG_INFO = INCLUDE_SOURCE;
				MTL_FAST_MATH = YES;
				ONLY_ACTIVE_ARCH = YES;
				SDKROOT = iphoneos;
				SWIFT_ACTIVE_COMPILATION_CONDITIONS = DEBUG;
				SWIFT_OPTIMIZATION_LEVEL = "-Onone";
			};
			name = Debug;
		};
		39E5E8E12959F59C007ED95F /* Release */ = {
			isa = XCBuildConfiguration;
			buildSettings = {
				ALWAYS_SEARCH_USER_PATHS = NO;
				CLANG_ANALYZER_NONNULL = YES;
				CLANG_ANALYZER_NUMBER_OBJECT_CONVERSION = YES_AGGRESSIVE;
				CLANG_CXX_LANGUAGE_STANDARD = "gnu++20";
				CLANG_ENABLE_MODULES = YES;
				CLANG_ENABLE_OBJC_ARC = YES;
				CLANG_ENABLE_OBJC_WEAK = YES;
				CLANG_WARN_BLOCK_CAPTURE_AUTORELEASING = YES;
				CLANG_WARN_BOOL_CONVERSION = YES;
				CLANG_WARN_COMMA = YES;
				CLANG_WARN_CONSTANT_CONVERSION = YES;
				CLANG_WARN_DEPRECATED_OBJC_IMPLEMENTATIONS = YES;
				CLANG_WARN_DIRECT_OBJC_ISA_USAGE = YES_ERROR;
				CLANG_WARN_DOCUMENTATION_COMMENTS = YES;
				CLANG_WARN_EMPTY_BODY = YES;
				CLANG_WARN_ENUM_CONVERSION = YES;
				CLANG_WARN_INFINITE_RECURSION = YES;
				CLANG_WARN_INT_CONVERSION = YES;
				CLANG_WARN_NON_LITERAL_NULL_CONVERSION = YES;
				CLANG_WARN_OBJC_IMPLICIT_RETAIN_SELF = YES;
				CLANG_WARN_OBJC_LITERAL_CONVERSION = YES;
				CLANG_WARN_OBJC_ROOT_CLASS = YES_ERROR;
				CLANG_WARN_QUOTED_INCLUDE_IN_FRAMEWORK_HEADER = YES;
				CLANG_WARN_RANGE_LOOP_ANALYSIS = YES;
				CLANG_WARN_STRICT_PROTOTYPES = YES;
				CLANG_WARN_SUSPICIOUS_MOVE = YES;
				CLANG_WARN_UNGUARDED_AVAILABILITY = YES_AGGRESSIVE;
				CLANG_WARN_UNREACHABLE_CODE = YES;
				CLANG_WARN__DUPLICATE_METHOD_MATCH = YES;
				COPY_PHASE_STRIP = NO;
				DEBUG_INFORMATION_FORMAT = "dwarf-with-dsym";
				ENABLE_NS_ASSERTIONS = NO;
				ENABLE_STRICT_OBJC_MSGSEND = YES;
				GCC_C_LANGUAGE_STANDARD = gnu11;
				GCC_NO_COMMON_BLOCKS = YES;
				GCC_WARN_64_TO_32_BIT_CONVERSION = YES;
				GCC_WARN_ABOUT_RETURN_TYPE = YES_ERROR;
				GCC_WARN_UNDECLARED_SELECTOR = YES;
				GCC_WARN_UNINITIALIZED_AUTOS = YES_AGGRESSIVE;
				GCC_WARN_UNUSED_FUNCTION = YES;
				GCC_WARN_UNUSED_VARIABLE = YES;
				IPHONEOS_DEPLOYMENT_TARGET = 16.2;
				MTL_ENABLE_DEBUG_INFO = NO;
				MTL_FAST_MATH = YES;
				SDKROOT = iphoneos;
				SWIFT_COMPILATION_MODE = wholemodule;
				SWIFT_OPTIMIZATION_LEVEL = "-O";
				VALIDATE_PRODUCT = YES;
			};
			name = Release;
		};
		39E5E8E32959F59C007ED95F /* Debug */ = {
			isa = XCBuildConfiguration;
			buildSettings = {
				ASSETCATALOG_COMPILER_APPICON_NAME = AppIcon;
				ASSETCATALOG_COMPILER_GLOBAL_ACCENT_COLOR_NAME = AccentColor;
				CODE_SIGN_STYLE = Automatic;
				CURRENT_PROJECT_VERSION = 1;
				GENERATE_INFOPLIST_FILE = YES;
				INFOPLIST_FILE = TwitterClone/Info.plist;
				INFOPLIST_KEY_UIApplicationSupportsIndirectInputEvents = YES;
				INFOPLIST_KEY_UILaunchStoryboardName = LaunchScreen;
				INFOPLIST_KEY_UISupportedInterfaceOrientations_iPad = "UIInterfaceOrientationPortrait UIInterfaceOrientationPortraitUpsideDown UIInterfaceOrientationLandscapeLeft UIInterfaceOrientationLandscapeRight";
				INFOPLIST_KEY_UISupportedInterfaceOrientations_iPhone = "UIInterfaceOrientationPortrait UIInterfaceOrientationLandscapeLeft UIInterfaceOrientationLandscapeRight";
				LD_RUNPATH_SEARCH_PATHS = (
					"$(inherited)",
					"@executable_path/Frameworks",
				);
				MARKETING_VERSION = 1.0;
				PRODUCT_BUNDLE_IDENTIFIER = com.jarmen.TwitterClone;
				PRODUCT_NAME = "$(TARGET_NAME)";
				SWIFT_EMIT_LOC_STRINGS = YES;
				SWIFT_VERSION = 5.0;
				TARGETED_DEVICE_FAMILY = "1,2";
			};
			name = Debug;
		};
		39E5E8E42959F59C007ED95F /* Release */ = {
			isa = XCBuildConfiguration;
			buildSettings = {
				ASSETCATALOG_COMPILER_APPICON_NAME = AppIcon;
				ASSETCATALOG_COMPILER_GLOBAL_ACCENT_COLOR_NAME = AccentColor;
				CODE_SIGN_STYLE = Automatic;
				CURRENT_PROJECT_VERSION = 1;
				GENERATE_INFOPLIST_FILE = YES;
				INFOPLIST_FILE = TwitterClone/Info.plist;
				INFOPLIST_KEY_UIApplicationSupportsIndirectInputEvents = YES;
				INFOPLIST_KEY_UILaunchStoryboardName = LaunchScreen;
				INFOPLIST_KEY_UISupportedInterfaceOrientations_iPad = "UIInterfaceOrientationPortrait UIInterfaceOrientationPortraitUpsideDown UIInterfaceOrientationLandscapeLeft UIInterfaceOrientationLandscapeRight";
				INFOPLIST_KEY_UISupportedInterfaceOrientations_iPhone = "UIInterfaceOrientationPortrait UIInterfaceOrientationLandscapeLeft UIInterfaceOrientationLandscapeRight";
				LD_RUNPATH_SEARCH_PATHS = (
					"$(inherited)",
					"@executable_path/Frameworks",
				);
				MARKETING_VERSION = 1.0;
				PRODUCT_BUNDLE_IDENTIFIER = com.jarmen.TwitterClone;
				PRODUCT_NAME = "$(TARGET_NAME)";
				SWIFT_EMIT_LOC_STRINGS = YES;
				SWIFT_VERSION = 5.0;
				TARGETED_DEVICE_FAMILY = "1,2";
			};
			name = Release;
		};
/* End XCBuildConfiguration section */

/* Begin XCConfigurationList section */
		39E5E8C92959F59B007ED95F /* Build configuration list for PBXProject "TwitterClone" */ = {
			isa = XCConfigurationList;
			buildConfigurations = (
				39E5E8E02959F59C007ED95F /* Debug */,
				39E5E8E12959F59C007ED95F /* Release */,
			);
			defaultConfigurationIsVisible = 0;
			defaultConfigurationName = Release;
		};
		39E5E8E22959F59C007ED95F /* Build configuration list for PBXNativeTarget "TwitterClone" */ = {
			isa = XCConfigurationList;
			buildConfigurations = (
				39E5E8E32959F59C007ED95F /* Debug */,
				39E5E8E42959F59C007ED95F /* Release */,
			);
			defaultConfigurationIsVisible = 0;
			defaultConfigurationName = Release;
		};
/* End XCConfigurationList section */
	};
	rootObject = 39E5E8C62959F59B007ED95F /* Project object */;
}
